
Microsoft Visual Studio Solution File, Format Version 12.00
# Visual Studio Version 16
VisualStudioVersion = 16.0.31515.178
MinimumVisualStudioVersion = 10.0.40219.1
Project("{FAE04EC0-301F-11D3-BF4B-00C04F79EFBC}") = "BlazorBattles.Server", "BlazorBattles\Server\BlazorBattles.Server.csproj", "{961DCD72-97B4-4CF0-8991-6C321EA45D0F}"
EndProject
Project("{FAE04EC0-301F-11D3-BF4B-00C04F79EFBC}") = "BlazorBattles.Client", "BlazorBattles\Client\BlazorBattles.Client.csproj", "{310000D6-F31C-4859-9803-7B362803C228}"
EndProject
Project("{FAE04EC0-301F-11D3-BF4B-00C04F79EFBC}") = "BlazorBattles.Shared", "BlazorBattles\Shared\BlazorBattles.Shared.csproj", "{3436E7D7-9290-4554-AF6C-D2A817FAFBD6}"
EndProject
Global
	GlobalSection(SolutionConfigurationPlatforms) = preSolution
		Debug|Any CPU = Debug|Any CPU
		Release|Any CPU = Release|Any CPU
	EndGlobalSection
	GlobalSection(ProjectConfigurationPlatforms) = postSolution
		{961DCD72-97B4-4CF0-8991-6C321EA45D0F}.Debug|Any CPU.ActiveCfg = Debug|Any CPU
		{961DCD72-97B4-4CF0-8991-6C321EA45D0F}.Debug|Any CPU.Build.0 = Debug|Any CPU
		{961DCD72-97B4-4CF0-8991-6C321EA45D0F}.Release|Any CPU.ActiveCfg = Release|Any CPU
		{961DCD72-97B4-4CF0-8991-6C321EA45D0F}.Release|Any CPU.Build.0 = Release|Any CPU
		{310000D6-F31C-4859-9803-7B362803C228}.Debug|Any CPU.ActiveCfg = Debug|Any CPU
		{310000D6-F31C-4859-9803-7B362803C228}.Debug|Any CPU.Build.0 = Debug|Any CPU
		{310000D6-F31C-4859-9803-7B362803C228}.Release|Any CPU.ActiveCfg = Release|Any CPU
		{310000D6-F31C-4859-9803-7B362803C228}.Release|Any CPU.Build.0 = Release|Any CPU
		{3436E7D7-9290-4554-AF6C-D2A817FAFBD6}.Debug|Any CPU.ActiveCfg = Debug|Any CPU
		{3436E7D7-9290-4554-AF6C-D2A817FAFBD6}.Debug|Any CPU.Build.0 = Debug|Any CPU
		{3436E7D7-9290-4554-AF6C-D2A817FAFBD6}.Release|Any CPU.ActiveCfg = Release|Any CPU
		{3436E7D7-9290-4554-AF6C-D2A817FAFBD6}.Release|Any CPU.Build.0 = Release|Any CPU
	EndGlobalSection
	GlobalSection(SolutionProperties) = preSolution
		HideSolutionNode = FALSE
	EndGlobalSection
	GlobalSection(ExtensibilityGlobals) = postSolution
		SolutionGuid = {51D73655-5E09-4175-9ED6-3906DCD95C7F}
	EndGlobalSection
EndGlobal
